
Microsoft Visual Studio Solution File, Format Version 12.00
# Visual Studio Version 17
VisualStudioVersion = 17.6.33829.357
MinimumVisualStudioVersion = 10.0.40219.1
Project("{9A19103F-16F7-4668-BE54-9A1E7A4F7556}") = "BackEnd", "BackEnd\BackEnd.csproj", "{E1C3F7E5-218B-4B8D-A654-86BBF0110046}"
EndProject
Project("{00D1A9C2-B5F0-4AF3-8072-F6C62B433612}") = "Database", "Database\Database.sqlproj", "{BC304DF3-2C08-44AC-9D79-0A686EEAEB3B}"
EndProject
Project("{2150E333-8FDC-42A3-9474-1A3956D46DE8}") = "Config", "Config", "{6ADE611E-5605-403E-9487-B4D13F082F9F}"
	ProjectSection(SolutionItems) = preProject
		BackEnd.PublishSettings = BackEnd.PublishSettings
		Config.txt = Config.txt
		FrontEnd.PublishSettings = FrontEnd.PublishSettings
	EndProjectSection
EndProject
Project("{9A19103F-16F7-4668-BE54-9A1E7A4F7556}") = "FrontEnd", "FrontEnd\FrontEnd.csproj", "{B9A1A0FF-EFF5-4F36-9B0C-01E8D70677EB}"
EndProject
Project("{888888A0-9F3D-457C-B088-3A5042F75D52}") = "ML", "ML\ML.pyproj", "{675E767D-3243-4AD8-9E86-DA8E7086A43F}"
EndProject
Project("{FAE04EC0-301F-11D3-BF4B-00C04F79EFBC}") = "BackUp", "BackUp\BackUp.csproj", "{C5D53128-80EF-42C6-95E6-F7E6ACD10E9C}"
EndProject
Global
	GlobalSection(SolutionConfigurationPlatforms) = preSolution
		Debug|Any CPU = Debug|Any CPU
		Release|Any CPU = Release|Any CPU
	EndGlobalSection
	GlobalSection(ProjectConfigurationPlatforms) = postSolution
		{E1C3F7E5-218B-4B8D-A654-86BBF0110046}.Debug|Any CPU.ActiveCfg = Debug|Any CPU
		{E1C3F7E5-218B-4B8D-A654-86BBF0110046}.Debug|Any CPU.Build.0 = Debug|Any CPU
		{E1C3F7E5-218B-4B8D-A654-86BBF0110046}.Release|Any CPU.ActiveCfg = Release|Any CPU
		{E1C3F7E5-218B-4B8D-A654-86BBF0110046}.Release|Any CPU.Build.0 = Release|Any CPU
		{BC304DF3-2C08-44AC-9D79-0A686EEAEB3B}.Debug|Any CPU.ActiveCfg = Debug|Any CPU
		{BC304DF3-2C08-44AC-9D79-0A686EEAEB3B}.Debug|Any CPU.Build.0 = Debug|Any CPU
		{BC304DF3-2C08-44AC-9D79-0A686EEAEB3B}.Debug|Any CPU.Deploy.0 = Debug|Any CPU
		{BC304DF3-2C08-44AC-9D79-0A686EEAEB3B}.Release|Any CPU.ActiveCfg = Release|Any CPU
		{BC304DF3-2C08-44AC-9D79-0A686EEAEB3B}.Release|Any CPU.Build.0 = Release|Any CPU
		{BC304DF3-2C08-44AC-9D79-0A686EEAEB3B}.Release|Any CPU.Deploy.0 = Release|Any CPU
		{B9A1A0FF-EFF5-4F36-9B0C-01E8D70677EB}.Debug|Any CPU.ActiveCfg = Debug|Any CPU
		{B9A1A0FF-EFF5-4F36-9B0C-01E8D70677EB}.Debug|Any CPU.Build.0 = Debug|Any CPU
		{B9A1A0FF-EFF5-4F36-9B0C-01E8D70677EB}.Release|Any CPU.ActiveCfg = Release|Any CPU
		{B9A1A0FF-EFF5-4F36-9B0C-01E8D70677EB}.Release|Any CPU.Build.0 = Release|Any CPU
		{675E767D-3243-4AD8-9E86-DA8E7086A43F}.Debug|Any CPU.ActiveCfg = Debug|Any CPU
		{675E767D-3243-4AD8-9E86-DA8E7086A43F}.Release|Any CPU.ActiveCfg = Release|Any CPU
		{C5D53128-80EF-42C6-95E6-F7E6ACD10E9C}.Debug|Any CPU.ActiveCfg = Debug|Any CPU
		{C5D53128-80EF-42C6-95E6-F7E6ACD10E9C}.Debug|Any CPU.Build.0 = Debug|Any CPU
		{C5D53128-80EF-42C6-95E6-F7E6ACD10E9C}.Release|Any CPU.ActiveCfg = Release|Any CPU
		{C5D53128-80EF-42C6-95E6-F7E6ACD10E9C}.Release|Any CPU.Build.0 = Release|Any CPU
	EndGlobalSection
	GlobalSection(SolutionProperties) = preSolution
		HideSolutionNode = FALSE
	EndGlobalSection
	GlobalSection(ExtensibilityGlobals) = postSolution
		SolutionGuid = {9D033B24-4476-4BA4-A80B-EA87A48C74BE}
	EndGlobalSection
EndGlobal
